
Microsoft Visual Studio Solution File, Format Version 12.00
# Visual Studio Version 17
VisualStudioVersion = 17.14.36203.30 d17.14
MinimumVisualStudioVersion = 10.0.40219.1
Project("{FAE04EC0-301F-11D3-BF4B-00C04F79EFBC}") = "Algorytm-Euklidesa-reszta-z-dzielenia", "Algorytm-Euklidesa-reszta-z-dzielenia\Algorytm-Euklidesa-reszta-z-dzielenia.csproj", "{5B374295-1FDC-4F57-88E9-07100E850C92}"
EndProject
Global
	GlobalSection(SolutionConfigurationPlatforms) = preSolution
		Debug|Any CPU = Debug|Any CPU
		Release|Any CPU = Release|Any CPU
	EndGlobalSection
	GlobalSection(ProjectConfigurationPlatforms) = postSolution
		{5B374295-1FDC-4F57-88E9-07100E850C92}.Debug|Any CPU.ActiveCfg = Debug|Any CPU
		{5B374295-1FDC-4F57-88E9-07100E850C92}.Debug|Any CPU.Build.0 = Debug|Any CPU
		{5B374295-1FDC-4F57-88E9-07100E850C92}.Release|Any CPU.ActiveCfg = Release|Any CPU
		{5B374295-1FDC-4F57-88E9-07100E850C92}.Release|Any CPU.Build.0 = Release|Any CPU
	EndGlobalSection
	GlobalSection(SolutionProperties) = preSolution
		HideSolutionNode = FALSE
	EndGlobalSection
	GlobalSection(ExtensibilityGlobals) = postSolution
		SolutionGuid = {31E6A8B6-1519-4166-80B5-D9CD956250AB}
	EndGlobalSection
EndGlobal
